{
  "_meta": {
    "hash": {
      "sha256": "cb8e9066bc4b33bc4576334ae67dc503d7c2694a75ff3e1de66693d390af2ab8"
    },
    "pipfile-spec": 6,
    "requires": {
      "python_full_version": "3.11.2"
    },
    "sources": [
      {
        "name": "pypi",
        "url": "https://pypi.org/simple",
        "verify_ssl": true
      }
    ]
  },
  "default": {
    "boto3": {
      "hashes": [
        "sha256:84b7952858e9319968b0348d9894a91a6bb5f31e81a45c68044d040a12362abe",
        "sha256:a6e711e0b6960c3a5b789bd30c5a18eea7263f2a59fc07f85efa5e04804e49d2"
      ],
      "index": "pypi",
      "version": "==1.28.15"
    },
    "botocore": {
      "hashes": [
        "sha256:b3a0f787f275711875476cbe12a0123b2e6570b2f505e2fa509dcec3c5410b57",
        "sha256:b46d1ce4e0cf42d28fdf61ce0c999904645d38b51cb809817a361c0cec16d487"
      ],
      "markers": "python_version >= '3.7'",
      "version": "==1.31.15"
    },
    "dnspython": {
      "hashes": [
        "sha256:5b7488477388b8c0b70a8ce93b227c5603bc7b77f1565afe8e729c36c51447d7",
        "sha256:c33971c79af5be968bb897e95c2448e11a645ee84d93b265ce0b7aabe5dfdca8"
      ],
      "markers": "python_version >= '3.8' and python_version < '4.0'",
      "version": "==2.4.1"
    },
    "docopt": {
      "hashes": [
        "sha256:49b3a825280bd66b3aa83585ef59c4a8c82f2c8a522dbe754a8bc8d08c85c491"
      ],
      "index": "pypi",
      "version": "==0.6.2"
    },
    "jmespath": {
      "hashes": [
        "sha256:02e2e4cc71b5bcab88332eebf907519190dd9e6e82107fa7f83b1003a6252980",
        "sha256:90261b206d6defd58fdd5e85f478bf633a2901798906be2ad389150c5c60edbe"
      ],
      "markers": "python_version >= '3.7'",
      "version": "==1.0.1"
    },
    "mongo-db-from-config": {
      "file": "https://github.com/cisagov/mongo-db-from-config/archive/v0.2.0.tar.gz",
      "hashes": [
        "sha256:51a633ea17cc1e9042fb908b0ea65cac75b188b1c750bf8a5dc0dc355d285892"
      ],
      "version": "==0.2.0"
    },
    "pymongo": {
      "hashes": [
        "sha256:022c91e2a41eefbcddc844c534520a13c6f613666c37b9fb9ed039eff47bd2e4",
        "sha256:02dba4ea2a6f22de4b50864d3957a0110b75d3eeb40aeab0b0ff64bcb5a063e6",
        "sha256:04ec1c5451ad358fdbff28ddc6e8a3d1b5f62178d38cd08007a251bc3f59445a",
        "sha256:05935f5a4bbae0a99482147588351b7b17999f4a4e6e55abfb74367ac58c0634",
        "sha256:0a7739bcebdbeb5648edb15af00fd38f2ab5de20851a1341d229494a638284cc",
        "sha256:0bdbbcc1ef3a56347630c57eda5cd9536bdbdb82754b3108c66cbc51b5233dfb",
        "sha256:0dcc64747b628a96bcfc6405c42acae3762c85d8ae8c1ce18834b8151cad7486",
        "sha256:1897123c4bede1af0c264a3bc389a2505bae50d85e4f211288d352928c02d017",
        "sha256:1944b16ffef3573ae064196460de43eb1c865a64fed23551b5eac1951d80acca",
        "sha256:2259302d8ab51cd56c3d9d5cca325977e35a0bb3a15a297ec124d2da56c214f7",
        "sha256:262a4073d2ee0654f0314ef4d9aab1d8c13dc8dae5c102312e152c02bfa7bdb7",
        "sha256:2aab6d1cff00d68212eca75d2260980202b14038d9298fed7d5c455fe3285c7c",
        "sha256:2fe4bbf2b2c91e4690b5658b0fbb98ca6e0a8fba9ececd65b4e7d2d1df3e9b01",
        "sha256:32d6d2b7e14bb6bc052f6cba0c1cf4d47a2b49c56ea1ed0f960a02bc9afaefb2",
        "sha256:334d41649f157c56a47fb289bae3b647a867c1a74f5f3a8a371fb361580bd9d3",
        "sha256:35545583396684ea70a0b005034a469bf3f447732396e5b3d50bec94890b8d5c",
        "sha256:3681caf37edbe05f72f0d351e4a6cb5874ec7ab5eeb99df3a277dbf110093739",
        "sha256:36b0b06c6e830d190215fced82872e5fd8239771063afa206f9adc09574018a3",
        "sha256:3a350d03959f9d5b7f2ea0621f5bb2eb3927b8fc1c4031d12cfd3949839d4f66",
        "sha256:3bb935789276422d8875f051837356edfccdb886e673444d91e4941a8142bd48",
        "sha256:3f0bd25de90b804cc95e548f55f430df2b47f242a4d7bbce486db62f3b3c981f",
        "sha256:3f345380f6d6d6d1dc6db9fa5c8480c439ea79553b71a2cbe3030a1f20676595",
        "sha256:44381b817eeb47a41bbfbd279594a7fb21017e0e3e15550eb0fd3758333097f3",
        "sha256:48409bac0f6a62825c306c9a124698df920afdc396132908a8e88b466925a248",
        "sha256:4e6a70c9d437b043fb07eef1796060f476359e5b7d8e23baa49f1a70379d6543",
        "sha256:4ec9c6d4547c93cf39787c249969f7348ef6c4d36439af10d57b5ee65f3dfbf9",
        "sha256:5248fdf7244a5e976279fe154d116c73f6206e0be71074ea9d9b1e73b5893dd5",
        "sha256:5368801ca6b66aacc5cc013258f11899cd6a4c3bb28cec435dd67f835905e9d2",
        "sha256:53831effe4dc0243231a944dfbd87896e42b1cf081776930de5cc74371405e3b",
        "sha256:54d0b8b6f2548e15b09232827d9ba8e03a599c9a30534f7f2c7bae79df2d1f91",
        "sha256:55b6ebeeabe32a9d2e38eeb90f07c020cb91098b34b5fca42ff3991cb6e6e621",
        "sha256:58c492e28057838792bed67875f982ffbd3c9ceb67341cc03811859fddb8efbf",
        "sha256:5a1e5b931bf729b2eacd720a0e40201c2d5ed0e2bada60863f19b069bb5016c4",
        "sha256:5a2a1da505ea78787b0382c92dc21a45d19918014394b220c4734857e9c73694",
        "sha256:6cf08997d3ecf9a1eabe12c35aa82a5c588f53fac054ed46fe5c16a0a20ea43d",
        "sha256:7b7127bb35f10d974ec1bd5573389e99054c558b821c9f23bb8ff94e7ae6e612",
        "sha256:7e307d67641d0e2f7e7d6ee3dad880d090dace96cc1d95c99d15bd9f545a1168",
        "sha256:8082eef0d8c711c9c272906fa469965e52b44dbdb8a589b54857b1351dc2e511",
        "sha256:854d92d2437e3496742e17342496e1f3d9efb22455501fd6010aa3658138e457",
        "sha256:85b92b3828b2c923ed448f820c147ee51fa4566e35c9bf88415586eb0192ced2",
        "sha256:884a35c0740744a48f67210692841581ab83a4608d3a031e7125022989ef65f8",
        "sha256:912b0fdc16500125dc1837be8b13c99d6782d93d6cd099d0e090e2aca0b6d100",
        "sha256:91848d555155ad4594de5e575b6452adc471bc7bc4b4d2b1f4f15a78a8af7843",
        "sha256:977c34b5b0b50bd169fbca1a4dd06fbfdfd8ac47734fdc3473532c10098e16ce",
        "sha256:980da627edc1275896d7d4670596433ec66e1f452ec244e07bbb2f91c955b581",
        "sha256:98764ae13de0ab80ba824ca0b84177006dec51f48dfb7c944d8fa78ab645c67f",
        "sha256:995b868ccc9df8d36cb28142363e3911846fe9f43348d942951f60cdd7f62224",
        "sha256:9d43634594f2486cc9bb604a1dc0914234878c4faf6604574a25260cb2faaa06",
        "sha256:9d45243ff4800320c842c45e01c91037e281840e8c6ed2949ed82a70f55c0e6a",
        "sha256:a0d326c3ba989091026fbc4827638dc169abdbb0c0bbe593716921543f530af6",
        "sha256:a438508dd8007a4a724601c3790db46fe0edc3d7d172acafc5f148ceb4a07815",
        "sha256:a4df87dbbd03ac6372d24f2a8054b4dc33de497d5227b50ec649f436ad574284",
        "sha256:a5198beca36778f19a98b56f541a0529502046bc867b352dda5b6322e1ddc4fd",
        "sha256:a6750449759f0a83adc9df3a469483a8c3eef077490b76f30c03dc8f7a4b1d66",
        "sha256:a86d20210c9805a032cda14225087ec483613aff0955327c7871a3c980562c5b",
        "sha256:ae1f85223193f249320f695eec4242cdcc311357f5f5064c2e72cfd18017e8ee",
        "sha256:aed21b3142311ad139629c4e101b54f25447ec40d6f42c72ad5c1a6f4f851f3a",
        "sha256:b25d2ccdb2901655cc56c0fc978c5ddb35029c46bfd30d182d0e23fffd55b14b",
        "sha256:b4c4bcd285bf0f5272d50628e4ea3989738e3af1251b2dd7bf50da2d593f3a56",
        "sha256:bbdd6c719cc2ea440d7245ba71ecdda507275071753c6ffe9c8232647246f575",
        "sha256:c409e5888a94a3ff99783fffd9477128ffab8416e3f8b2c633993eecdcd5c267",
        "sha256:d1b1c8eb21de4cb5e296614e8b775d5ecf9c56b7d3c6000f4bfdb17f9e244e72",
        "sha256:d67f4029c57b36a0278aeae044ce382752c078c7625cef71b5e2cf3e576961f9",
        "sha256:d9a5e16a32fb1000c72a8734ddd8ae291974deb5d38d40d1bdd01dbe4024eeb0",
        "sha256:ddffc0c6d0e92cf43dc6c47639d1ef9ab3c280db2998a33dbb9953bd864841e1",
        "sha256:e0f08a2dba1469252462c414b66cb416c7f7295f2c85e50f735122a251fcb131",
        "sha256:e3b508e0de613b906267f2c484cb5e9afd3a64680e1af23386ca8f99a29c6145",
        "sha256:e426e213ab07a73f8759ab8d69e87d05d7a60b3ecbf7673965948dcf8ebc1c9f",
        "sha256:e6d5d2c97c35f83dc65ccd5d64c7ed16eba6d9403e3744e847aee648c432f0bb",
        "sha256:ebe1683ec85d8bca389183d01ecf4640c797d6f22e6dac3453a6c492920d5ec3",
        "sha256:ef0e3279e72cccc3dc7be75b12b1e54cc938d7ce13f5f22bea844b9d9d5fecd4",
        "sha256:efa67f46c1678df541e8f41247d22430905f80a3296d9c914aaa793f2c9fa1db",
        "sha256:f41feb8cf429799ac43ed34504839954aa7d907f8bd9ecb52ed5ff0d2ea84245",
        "sha256:fab52db4d3aa3b73bcf920fb375dbea63bf0df0cb4bdb38c5a0a69e16568cc21"
      ],
      "markers": "python_version >= '3.7'",
      "version": "==4.4.1"
    },
    "python-dateutil": {
      "hashes": [
        "sha256:0123cacc1627ae19ddf3c27a5de5bd67ee4586fbdd6440d9748f8abb483d3e86",
        "sha256:961d03dc3453ebbc59dbdea9e4e11c5651520a876d0f4db161e8674aae935da9"
      ],
      "markers": "python_version >= '2.7' and python_version not in '3.0, 3.1, 3.2, 3.3'",
      "version": "==2.8.2"
    },
    "pyyaml": {
      "hashes": [
        "sha256:062582fca9fabdd2c8b54a3ef1c978d786e0f6b3a1510e0ac93ef59e0ddae2bc",
        "sha256:1635fd110e8d85d55237ab316b5b011de701ea0f29d07611174a1b42f1444741",
        "sha256:184c5108a2aca3c5b3d3bf9395d50893a7ab82a38004c8f61c258d4428e80206",
        "sha256:18aeb1bf9a78867dc38b259769503436b7c72f7a1f1f4c93ff9a17de54319b27",
        "sha256:1d4c7e777c441b20e32f52bd377e0c409713e8bb1386e1099c2415f26e479595",
        "sha256:1e2722cc9fbb45d9b87631ac70924c11d3a401b2d7f410cc0e3bbf249f2dca62",
        "sha256:1fe35611261b29bd1de0070f0b2f47cb6ff71fa6595c077e42bd0c419fa27b98",
        "sha256:28c119d996beec18c05208a8bd78cbe4007878c6dd15091efb73a30e90539696",
        "sha256:42f8152b8dbc4fe7d96729ec2b99c7097d656dc1213a3229ca5383f973a5ed6d",
        "sha256:4fb147e7a67ef577a588a0e2c17b6db51dda102c71de36f8549b6816a96e1867",
        "sha256:50550eb667afee136e9a77d6dc71ae76a44df8b3e51e41b77f6de2932bfe0f47",
        "sha256:510c9deebc5c0225e8c96813043e62b680ba2f9c50a08d3724c7f28a747d1486",
        "sha256:5773183b6446b2c99bb77e77595dd486303b4faab2b086e7b17bc6bef28865f6",
        "sha256:596106435fa6ad000c2991a98fa58eeb8656ef2325d7e158344fb33864ed87e3",
        "sha256:6965a7bc3cf88e5a1c3bd2e0b5c22f8d677dc88a455344035f03399034eb3007",
        "sha256:69b023b2b4daa7548bcfbd4aa3da05b3a74b772db9e23b982788168117739938",
        "sha256:704219a11b772aea0d8ecd7058d0082713c3562b4e271b849ad7dc4a5c90c13c",
        "sha256:7e07cbde391ba96ab58e532ff4803f79c4129397514e1413a7dc761ccd755735",
        "sha256:81e0b275a9ecc9c0c0c07b4b90ba548307583c125f54d5b6946cfee6360c733d",
        "sha256:9046c58c4395dff28dd494285c82ba00b546adfc7ef001486fbf0324bc174fba",
        "sha256:9eb6caa9a297fc2c2fb8862bc5370d0303ddba53ba97e71f08023b6cd73d16a8",
        "sha256:a0cd17c15d3bb3fa06978b4e8958dcdc6e0174ccea823003a106c7d4d7899ac5",
        "sha256:afd7e57eddb1a54f0f1a974bc4391af8bcce0b444685d936840f125cf046d5bd",
        "sha256:b1275ad35a5d18c62a7220633c913e1b42d44b46ee12554e5fd39c70a243d6a3",
        "sha256:b786eecbdf8499b9ca1d697215862083bd6d2a99965554781d0d8d1ad31e13a0",
        "sha256:ba336e390cd8e4d1739f42dfe9bb83a3cc2e80f567d8805e11b46f4a943f5515",
        "sha256:baa90d3f661d43131ca170712d903e6295d1f7a0f595074f151c0aed377c9b9c",
        "sha256:bc1bf2925a1ecd43da378f4db9e4f799775d6367bdb94671027b73b393a7c42c",
        "sha256:bd4af7373a854424dabd882decdc5579653d7868b8fb26dc7d0e99f823aa5924",
        "sha256:bf07ee2fef7014951eeb99f56f39c9bb4af143d8aa3c21b1677805985307da34",
        "sha256:bfdf460b1736c775f2ba9f6a92bca30bc2095067b8a9d77876d1fad6cc3b4a43",
        "sha256:c8098ddcc2a85b61647b2590f825f3db38891662cfc2fc776415143f599bb859",
        "sha256:d2b04aac4d386b172d5b9692e2d2da8de7bfb6c387fa4f801fbf6fb2e6ba4673",
        "sha256:d858aa552c999bc8a8d57426ed01e40bef403cd8ccdd0fc5f6f04a00414cac2a",
        "sha256:f003ed9ad21d6a4713f0a9b5a7a0a79e08dd0f221aff4525a2be4c346ee60aab",
        "sha256:f22ac1c3cac4dbc50079e965eba2c1058622631e526bd9afd45fedd49ba781fa",
        "sha256:faca3bdcf85b2fc05d06ff3fbc1f83e1391b3e724afa3feba7d13eeab355484c",
        "sha256:fca0e3a251908a499833aa292323f32437106001d436eca0e6e7833256674585",
        "sha256:fd1592b3fdf65fff2ad0004b5e363300ef59ced41c2e6b3a99d4089fa8c5435d",
        "sha256:fd66fc5d0da6d9815ba2cebeb4205f95818ff4b79c3ebe268e75d961704af52f"
      ],
      "markers": "python_version >= '3.6'",
      "version": "==6.0.1"
    },
    "s3transfer": {
      "hashes": [
        "sha256:3c0da2d074bf35d6870ef157158641178a4204a6e689e82546083e31e0311346",
        "sha256:640bb492711f4c0c0905e1f62b6aaeb771881935ad27884852411f8e9cacbca9"
      ],
      "markers": "python_version >= '3.7'",
      "version": "==0.6.1"
    },
    "setuptools": {
      "hashes": [
        "sha256:11e52c67415a381d10d6b462ced9cfb97066179f0e871399e006c4ab101fc85f",
        "sha256:baf1fdb41c6da4cd2eae722e135500da913332ab3f2f5c7d33af9b492acb5235"
      ],
      "markers": "python_version >= '3.7'",
      "version": "==68.0.0"
    },
    "six": {
      "hashes": [
        "sha256:1e61c37477a1626458e36f7b1d82aa5c9b094fa4802892072e49de9c60c4c926",
        "sha256:8abb2f1d86890a2dfb989f9a77cfcfd3e47c2a354b01111771326f8aa26e0254"
      ],
      "markers": "python_version >= '2.7' and python_version not in '3.0, 3.1, 3.2, 3.3'",
      "version": "==1.16.0"
    },
    "urllib3": {
      "hashes": [
        "sha256:8d36afa7616d8ab714608411b4a3b13e58f463aee519024578e062e141dce20f",
        "sha256:8f135f6502756bde6b2a9b28989df5fbe87c9970cecaa69041edcce7f0589b14"
      ],
      "markers": "python_version >= '2.7' and python_version not in '3.0, 3.1, 3.2, 3.3, 3.4, 3.5'",
      "version": "==1.26.16"
    }
  },
  "develop": {}
}
